// !$*UTF8*$!
{
	archiveVersion = 1;
	classes = {
	};
	objectVersion = 50;
	objects = {

/* Begin PBXBuildFile section */
		182FA0F423D6DD8800EA6125 /* AppDelegate.swift in Sources */ = {isa = PBXBuildFile; fileRef = 182FA0F323D6DD8800EA6125 /* AppDelegate.swift */; };
		182FA0F623D6DD8800EA6125 /* SceneDelegate.swift in Sources */ = {isa = PBXBuildFile; fileRef = 182FA0F523D6DD8800EA6125 /* SceneDelegate.swift */; };
		182FA0FA23D6DD8A00EA6125 /* Assets.xcassets in Resources */ = {isa = PBXBuildFile; fileRef = 182FA0F923D6DD8A00EA6125 /* Assets.xcassets */; };
		182FA0FD23D6DD8A00EA6125 /* Preview Assets.xcassets in Resources */ = {isa = PBXBuildFile; fileRef = 182FA0FC23D6DD8A00EA6125 /* Preview Assets.xcassets */; };
		182FA10023D6DD8A00EA6125 /* LaunchScreen.storyboard in Resources */ = {isa = PBXBuildFile; fileRef = 182FA0FE23D6DD8A00EA6125 /* LaunchScreen.storyboard */; };
		182FA10823D6EA1F00EA6125 /* ActivityIndicator.swift in Sources */ = {isa = PBXBuildFile; fileRef = 182FA10723D6EA1F00EA6125 /* ActivityIndicator.swift */; };
		182FA10A23D70F4300EA6125 /* ContentView.swift in Sources */ = {isa = PBXBuildFile; fileRef = 182FA10923D70F4300EA6125 /* ContentView.swift */; };
		182FA10C23D7102600EA6125 /* ChoseLanguageView.swift in Sources */ = {isa = PBXBuildFile; fileRef = 182FA10B23D7102600EA6125 /* ChoseLanguageView.swift */; };
		182FA10E23D7295100EA6125 /* ViewControllerPresentation.swift in Sources */ = {isa = PBXBuildFile; fileRef = 182FA10D23D7295100EA6125 /* ViewControllerPresentation.swift */; };
/* End PBXBuildFile section */

/* Begin PBXFileReference section */
		182FA0F023D6DD8800EA6125 /* UserAuthenticationModule.app */ = {isa = PBXFileReference; explicitFileType = wrapper.application; includeInIndex = 0; path = UserAuthenticationModule.app; sourceTree = BUILT_PRODUCTS_DIR; };
		182FA0F323D6DD8800EA6125 /* AppDelegate.swift */ = {isa = PBXFileReference; lastKnownFileType = sourcecode.swift; path = AppDelegate.swift; sourceTree = "<group>"; };
		182FA0F523D6DD8800EA6125 /* SceneDelegate.swift */ = {isa = PBXFileReference; lastKnownFileType = sourcecode.swift; path = SceneDelegate.swift; sourceTree = "<group>"; };
		182FA0F923D6DD8A00EA6125 /* Assets.xcassets */ = {isa = PBXFileReference; lastKnownFileType = folder.assetcatalog; path = Assets.xcassets; sourceTree = "<group>"; };
		182FA0FC23D6DD8A00EA6125 /* Preview Assets.xcassets */ = {isa = PBXFileReference; lastKnownFileType = folder.assetcatalog; path = "Preview Assets.xcassets"; sourceTree = "<group>"; };
		182FA0FF23D6DD8A00EA6125 /* Base */ = {isa = PBXFileReference; lastKnownFileType = file.storyboard; name = Base; path = Base.lproj/LaunchScreen.storyboard; sourceTree = "<group>"; };
		182FA10123D6DD8A00EA6125 /* Info.plist */ = {isa = PBXFileReference; lastKnownFileType = text.plist.xml; path = Info.plist; sourceTree = "<group>"; };
		182FA10723D6EA1F00EA6125 /* ActivityIndicator.swift */ = {isa = PBXFileReference; lastKnownFileType = sourcecode.swift; path = ActivityIndicator.swift; sourceTree = "<group>"; };
		182FA10923D70F4300EA6125 /* ContentView.swift */ = {isa = PBXFileReference; fileEncoding = 4; lastKnownFileType = sourcecode.swift; path = ContentView.swift; sourceTree = "<group>"; };
		182FA10B23D7102600EA6125 /* ChoseLanguageView.swift */ = {isa = PBXFileReference; lastKnownFileType = sourcecode.swift; path = ChoseLanguageView.swift; sourceTree = "<group>"; };
		182FA10D23D7295100EA6125 /* ViewControllerPresentation.swift */ = {isa = PBXFileReference; lastKnownFileType = sourcecode.swift; path = ViewControllerPresentation.swift; sourceTree = "<group>"; };
/* End PBXFileReference section */

/* Begin PBXFrameworksBuildPhase section */
		182FA0ED23D6DD8800EA6125 /* Frameworks */ = {
			isa = PBXFrameworksBuildPhase;
			buildActionMask = 2147483647;
			files = (
			);
			runOnlyForDeploymentPostprocessing = 0;
		};
/* End PBXFrameworksBuildPhase section */

/* Begin PBXGroup section */
		182FA0E723D6DD8800EA6125 = {
			isa = PBXGroup;
			children = (
				182FA0F223D6DD8800EA6125 /* UserAuthenticationModule */,
				182FA0F123D6DD8800EA6125 /* Products */,
			);
			sourceTree = "<group>";
		};
		182FA0F123D6DD8800EA6125 /* Products */ = {
			isa = PBXGroup;
			children = (
				182FA0F023D6DD8800EA6125 /* UserAuthenticationModule.app */,
			);
			name = Products;
			sourceTree = "<group>";
		};
		182FA0F223D6DD8800EA6125 /* UserAuthenticationModule */ = {
			isa = PBXGroup;
			children = (
				182FA0F323D6DD8800EA6125 /* AppDelegate.swift */,
				182FA0F523D6DD8800EA6125 /* SceneDelegate.swift */,
				182FA10923D70F4300EA6125 /* ContentView.swift */,
				182FA0F923D6DD8A00EA6125 /* Assets.xcassets */,
				182FA0FE23D6DD8A00EA6125 /* LaunchScreen.storyboard */,
				182FA10123D6DD8A00EA6125 /* Info.plist */,
				182FA0FB23D6DD8A00EA6125 /* Preview Content */,
				182FA10723D6EA1F00EA6125 /* ActivityIndicator.swift */,
				182FA10B23D7102600EA6125 /* ChoseLanguageView.swift */,
				182FA10D23D7295100EA6125 /* ViewControllerPresentation.swift */,
			);
			path = UserAuthenticationModule;
			sourceTree = "<group>";
		};
		182FA0FB23D6DD8A00EA6125 /* Preview Content */ = {
			isa = PBXGroup;
			children = (
				182FA0FC23D6DD8A00EA6125 /* Preview Assets.xcassets */,
			);
			path = "Preview Content";
			sourceTree = "<group>";
		};
/* End PBXGroup section */

/* Begin PBXNativeTarget section */
		182FA0EF23D6DD8800EA6125 /* UserAuthenticationModule */ = {
			isa = PBXNativeTarget;
			buildConfigurationList = 182FA10423D6DD8A00EA6125 /* Build configuration list for PBXNativeTarget "UserAuthenticationModule" */;
			buildPhases = (
				182FA0EC23D6DD8800EA6125 /* Sources */,
				182FA0ED23D6DD8800EA6125 /* Frameworks */,
				182FA0EE23D6DD8800EA6125 /* Resources */,
			);
			buildRules = (
			);
			dependencies = (
			);
			name = UserAuthenticationModule;
			productName = UserAuthenticationModule;
			productReference = 182FA0F023D6DD8800EA6125 /* UserAuthenticationModule.app */;
			productType = "com.apple.product-type.application";
		};
/* End PBXNativeTarget section */

/* Begin PBXProject section */
		182FA0E823D6DD8800EA6125 /* Project object */ = {
			isa = PBXProject;
			attributes = {
				LastSwiftUpdateCheck = 1110;
				LastUpgradeCheck = 1110;
				ORGANIZATIONNAME = mytechnology;
				TargetAttributes = {
					182FA0EF23D6DD8800EA6125 = {
						CreatedOnToolsVersion = 11.1;
					};
				};
			};
			buildConfigurationList = 182FA0EB23D6DD8800EA6125 /* Build configuration list for PBXProject "UserAuthenticationModule" */;
			compatibilityVersion = "Xcode 9.3";
			developmentRegion = en;
			hasScannedForEncodings = 0;
			knownRegions = (
				en,
				Base,
			);
			mainGroup = 182FA0E723D6DD8800EA6125;
			productRefGroup = 182FA0F123D6DD8800EA6125 /* Products */;
			projectDirPath = "";
			projectRoot = "";
			targets = (
				182FA0EF23D6DD8800EA6125 /* UserAuthenticationModule */,
			);
		};
/* End PBXProject section */

/* Begin PBXResourcesBuildPhase section */
		182FA0EE23D6DD8800EA6125 /* Resources */ = {
			isa = PBXResourcesBuildPhase;
			buildActionMask = 2147483647;
			files = (
				182FA10023D6DD8A00EA6125 /* LaunchScreen.storyboard in Resources */,
				182FA0FD23D6DD8A00EA6125 /* Preview Assets.xcassets in Resources */,
				182FA0FA23D6DD8A00EA6125 /* Assets.xcassets in Resources */,
			);
			runOnlyForDeploymentPostprocessing = 0;
		};
/* End PBXResourcesBuildPhase section */

/* Begin PBXSourcesBuildPhase section */
		182FA0EC23D6DD8800EA6125 /* Sources */ = {
			isa = PBXSourcesBuildPhase;
			buildActionMask = 2147483647;
			files = (
				182FA10823D6EA1F00EA6125 /* ActivityIndicator.swift in Sources */,
				182FA0F423D6DD8800EA6125 /* AppDelegate.swift in Sources */,
				182FA10A23D70F4300EA6125 /* ContentView.swift in Sources */,
				182FA0F623D6DD8800EA6125 /* SceneDelegate.swift in Sources */,
				182FA10E23D7295100EA6125 /* ViewControllerPresentation.swift in Sources */,
				182FA10C23D7102600EA6125 /* ChoseLanguageView.swift in Sources */,
			);
			runOnlyForDeploymentPostprocessing = 0;
		};
/* End PBXSourcesBuildPhase section */

/* Begin PBXVariantGroup section */
		182FA0FE23D6DD8A00EA6125 /* LaunchScreen.storyboard */ = {
			isa = PBXVariantGroup;
			children = (
				182FA0FF23D6DD8A00EA6125 /* Base */,
			);
			name = LaunchScreen.storyboard;
			sourceTree = "<group>";
		};
/* End PBXVariantGroup section */

/* Begin XCBuildConfiguration section */
		182FA10223D6DD8A00EA6125 /* Debug */ = {
			isa = XCBuildConfiguration;
			buildSettings = {
				ALWAYS_SEARCH_USER_PATHS = NO;
				CLANG_ANALYZER_NONNULL = YES;
				CLANG_ANALYZER_NUMBER_OBJECT_CONVERSION = YES_AGGRESSIVE;
				CLANG_CXX_LANGUAGE_STANDARD = "gnu++14";
				CLANG_CXX_LIBRARY = "libc++";
				CLANG_ENABLE_MODULES = YES;
				CLANG_ENABLE_OBJC_ARC = YES;
				CLANG_ENABLE_OBJC_WEAK = YES;
				CLANG_WARN_BLOCK_CAPTURE_AUTORELEASING = YES;
				CLANG_WARN_BOOL_CONVERSION = YES;
				CLANG_WARN_COMMA = YES;
				CLANG_WARN_CONSTANT_CONVERSION = YES;
				CLANG_WARN_DEPRECATED_OBJC_IMPLEMENTATIONS = YES;
				CLANG_WARN_DIRECT_OBJC_ISA_USAGE = YES_ERROR;
				CLANG_WARN_DOCUMENTATION_COMMENTS = YES;
				CLANG_WARN_EMPTY_BODY = YES;
				CLANG_WARN_ENUM_CONVERSION = YES;
				CLANG_WARN_INFINITE_RECURSION = YES;
				CLANG_WARN_INT_CONVERSION = YES;
				CLANG_WARN_NON_LITERAL_NULL_CONVERSION = YES;
				CLANG_WARN_OBJC_IMPLICIT_RETAIN_SELF = YES;
				CLANG_WARN_OBJC_LITERAL_CONVERSION = YES;
				CLANG_WARN_OBJC_ROOT_CLASS = YES_ERROR;
				CLANG_WARN_RANGE_LOOP_ANALYSIS = YES;
				CLANG_WARN_STRICT_PROTOTYPES = YES;
				CLANG_WARN_SUSPICIOUS_MOVE = YES;
				CLANG_WARN_UNGUARDED_AVAILABILITY = YES_AGGRESSIVE;
				CLANG_WARN_UNREACHABLE_CODE = YES;
				CLANG_WARN__DUPLICATE_METHOD_MATCH = YES;
				COPY_PHASE_STRIP = NO;
				DEBUG_INFORMATION_FORMAT = dwarf;
				ENABLE_STRICT_OBJC_MSGSEND = YES;
				ENABLE_TESTABILITY = YES;
				GCC_C_LANGUAGE_STANDARD = gnu11;
				GCC_DYNAMIC_NO_PIC = NO;
				GCC_NO_COMMON_BLOCKS = YES;
				GCC_OPTIMIZATION_LEVEL = 0;
				GCC_PREPROCESSOR_DEFINITIONS = (
					"DEBUG=1",
					"$(inherited)",
				);
				GCC_WARN_64_TO_32_BIT_CONVERSION = YES;
				GCC_WARN_ABOUT_RETURN_TYPE = YES_ERROR;
				GCC_WARN_UNDECLARED_SELECTOR = YES;
				GCC_WARN_UNINITIALIZED_AUTOS = YES_AGGRESSIVE;
				GCC_WARN_UNUSED_FUNCTION = YES;
				GCC_WARN_UNUSED_VARIABLE = YES;
				IPHONEOS_DEPLOYMENT_TARGET = 13.1;
				MTL_ENABLE_DEBUG_INFO = INCLUDE_SOURCE;
				MTL_FAST_MATH = YES;
				ONLY_ACTIVE_ARCH = YES;
				SDKROOT = iphoneos;
				SWIFT_ACTIVE_COMPILATION_CONDITIONS = DEBUG;
				SWIFT_OPTIMIZATION_LEVEL = "-Onone";
			};
			name = Debug;
		};
		182FA10323D6DD8A00EA6125 /* Release */ = {
			isa = XCBuildConfiguration;
			buildSettings = {
				ALWAYS_SEARCH_USER_PATHS = NO;
				CLANG_ANALYZER_NONNULL = YES;
				CLANG_ANALYZER_NUMBER_OBJECT_CONVERSION = YES_AGGRESSIVE;
				CLANG_CXX_LANGUAGE_STANDARD = "gnu++14";
				CLANG_CXX_LIBRARY = "libc++";
				CLANG_ENABLE_MODULES = YES;
				CLANG_ENABLE_OBJC_ARC = YES;
				CLANG_ENABLE_OBJC_WEAK = YES;
				CLANG_WARN_BLOCK_CAPTURE_AUTORELEASING = YES;
				CLANG_WARN_BOOL_CONVERSION = YES;
				CLANG_WARN_COMMA = YES;
				CLANG_WARN_CONSTANT_CONVERSION = YES;
				CLANG_WARN_DEPRECATED_OBJC_IMPLEMENTATIONS = YES;
				CLANG_WARN_DIRECT_OBJC_ISA_USAGE = YES_ERROR;
				CLANG_WARN_DOCUMENTATION_COMMENTS = YES;
				CLANG_WARN_EMPTY_BODY = YES;
				CLANG_WARN_ENUM_CONVERSION = YES;
				CLANG_WARN_INFINITE_RECURSION = YES;
				CLANG_WARN_INT_CONVERSION = YES;
				CLANG_WARN_NON_LITERAL_NULL_CONVERSION = YES;
				CLANG_WARN_OBJC_IMPLICIT_RETAIN_SELF = YES;
				CLANG_WARN_OBJC_LITERAL_CONVERSION = YES;
				CLANG_WARN_OBJC_ROOT_CLASS = YES_ERROR;
				CLANG_WARN_RANGE_LOOP_ANALYSIS = YES;
				CLANG_WARN_STRICT_PROTOTYPES = YES;
				CLANG_WARN_SUSPICIOUS_MOVE = YES;
				CLANG_WARN_UNGUARDED_AVAILABILITY = YES_AGGRESSIVE;
				CLANG_WARN_UNREACHABLE_CODE = YES;
				CLANG_WARN__DUPLICATE_METHOD_MATCH = YES;
				COPY_PHASE_STRIP = NO;
				DEBUG_INFORMATION_FORMAT = "dwarf-with-dsym";
				ENABLE_NS_ASSERTIONS = NO;
				ENABLE_STRICT_OBJC_MSGSEND = YES;
				GCC_C_LANGUAGE_STANDARD = gnu11;
				GCC_NO_COMMON_BLOCKS = YES;
				GCC_WARN_64_TO_32_BIT_CONVERSION = YES;
				GCC_WARN_ABOUT_RETURN_TYPE = YES_ERROR;
				GCC_WARN_UNDECLARED_SELECTOR = YES;
				GCC_WARN_UNINITIALIZED_AUTOS = YES_AGGRESSIVE;
				GCC_WARN_UNUSED_FUNCTION = YES;
				GCC_WARN_UNUSED_VARIABLE = YES;
				IPHONEOS_DEPLOYMENT_TARGET = 13.1;
				MTL_ENABLE_DEBUG_INFO = NO;
				MTL_FAST_MATH = YES;
				SDKROOT = iphoneos;
				SWIFT_COMPILATION_MODE = wholemodule;
				SWIFT_OPTIMIZATION_LEVEL = "-O";
				VALIDATE_PRODUCT = YES;
			};
			name = Release;
		};
		182FA10523D6DD8A00EA6125 /* Debug */ = {
			isa = XCBuildConfiguration;
			buildSettings = {
				ASSETCATALOG_COMPILER_APPICON_NAME = AppIcon;
				CODE_SIGN_STYLE = Automatic;
				DEVELOPMENT_ASSET_PATHS = "\"UserAuthenticationModule/Preview Content\"";
				ENABLE_PREVIEWS = YES;
				INFOPLIST_FILE = UserAuthenticationModule/Info.plist;
				LD_RUNPATH_SEARCH_PATHS = (
					"$(inherited)",
					"@executable_path/Frameworks",
				);
				PRODUCT_BUNDLE_IDENTIFIER = com.mytechnology.UserAuthenticationModule;
				PRODUCT_NAME = "$(TARGET_NAME)";
				SWIFT_VERSION = 5.0;
				TARGETED_DEVICE_FAMILY = "1,2";
			};
			name = Debug;
		};
		182FA10623D6DD8A00EA6125 /* Release */ = {
			isa = XCBuildConfiguration;
			buildSettings = {
				ASSETCATALOG_COMPILER_APPICON_NAME = AppIcon;
				CODE_SIGN_STYLE = Automatic;
				DEVELOPMENT_ASSET_PATHS = "\"UserAuthenticationModule/Preview Content\"";
				ENABLE_PREVIEWS = YES;
				INFOPLIST_FILE = UserAuthenticationModule/Info.plist;
				LD_RUNPATH_SEARCH_PATHS = (
					"$(inherited)",
					"@executable_path/Frameworks",
				);
				PRODUCT_BUNDLE_IDENTIFIER = com.mytechnology.UserAuthenticationModule;
				PRODUCT_NAME = "$(TARGET_NAME)";
				SWIFT_VERSION = 5.0;
				TARGETED_DEVICE_FAMILY = "1,2";
			};
			name = Release;
		};
/* End XCBuildConfiguration section */

/* Begin XCConfigurationList section */
		182FA0EB23D6DD8800EA6125 /* Build configuration list for PBXProject "UserAuthenticationModule" */ = {
			isa = XCConfigurationList;
			buildConfigurations = (
				182FA10223D6DD8A00EA6125 /* Debug */,
				182FA10323D6DD8A00EA6125 /* Release */,
			);
			defaultConfigurationIsVisible = 0;
			defaultConfigurationName = Release;
		};
		182FA10423D6DD8A00EA6125 /* Build configuration list for PBXNativeTarget "UserAuthenticationModule" */ = {
			isa = XCConfigurationList;
			buildConfigurations = (
				182FA10523D6DD8A00EA6125 /* Debug */,
				182FA10623D6DD8A00EA6125 /* Release */,
			);
			defaultConfigurationIsVisible = 0;
			defaultConfigurationName = Release;
		};
/* End XCConfigurationList section */
	};
	rootObject = 182FA0E823D6DD8800EA6125 /* Project object */;
}
