// !$*UTF8*$!
{
	archiveVersion = 1;
	classes = {
	};
	objectVersion = 50;
	objects = {

/* Begin PBXBuildFile section */
		18FF3D0023EC3ADD006614EC /* AppDelegate.swift in Sources */ = {isa = PBXBuildFile; fileRef = 18FF3CFF23EC3ADD006614EC /* AppDelegate.swift */; };
		18FF3D0223EC3ADD006614EC /* SceneDelegate.swift in Sources */ = {isa = PBXBuildFile; fileRef = 18FF3D0123EC3ADD006614EC /* SceneDelegate.swift */; };
		18FF3D0423EC3ADD006614EC /* ViewController.swift in Sources */ = {isa = PBXBuildFile; fileRef = 18FF3D0323EC3ADD006614EC /* ViewController.swift */; };
		18FF3D0723EC3ADD006614EC /* Main.storyboard in Resources */ = {isa = PBXBuildFile; fileRef = 18FF3D0523EC3ADD006614EC /* Main.storyboard */; };
		18FF3D0923EC3ADF006614EC /* Assets.xcassets in Resources */ = {isa = PBXBuildFile; fileRef = 18FF3D0823EC3ADF006614EC /* Assets.xcassets */; };
		18FF3D0C23EC3ADF006614EC /* LaunchScreen.storyboard in Resources */ = {isa = PBXBuildFile; fileRef = 18FF3D0A23EC3ADF006614EC /* LaunchScreen.storyboard */; };
/* End PBXBuildFile section */

/* Begin PBXFileReference section */
		18FF3CFC23EC3ADD006614EC /* DealloactionExample.app */ = {isa = PBXFileReference; explicitFileType = wrapper.application; includeInIndex = 0; path = DealloactionExample.app; sourceTree = BUILT_PRODUCTS_DIR; };
		18FF3CFF23EC3ADD006614EC /* AppDelegate.swift */ = {isa = PBXFileReference; lastKnownFileType = sourcecode.swift; path = AppDelegate.swift; sourceTree = "<group>"; };
		18FF3D0123EC3ADD006614EC /* SceneDelegate.swift */ = {isa = PBXFileReference; lastKnownFileType = sourcecode.swift; path = SceneDelegate.swift; sourceTree = "<group>"; };
		18FF3D0323EC3ADD006614EC /* ViewController.swift */ = {isa = PBXFileReference; lastKnownFileType = sourcecode.swift; path = ViewController.swift; sourceTree = "<group>"; };
		18FF3D0623EC3ADD006614EC /* Base */ = {isa = PBXFileReference; lastKnownFileType = file.storyboard; name = Base; path = Base.lproj/Main.storyboard; sourceTree = "<group>"; };
		18FF3D0823EC3ADF006614EC /* Assets.xcassets */ = {isa = PBXFileReference; lastKnownFileType = folder.assetcatalog; path = Assets.xcassets; sourceTree = "<group>"; };
		18FF3D0B23EC3ADF006614EC /* Base */ = {isa = PBXFileReference; lastKnownFileType = file.storyboard; name = Base; path = Base.lproj/LaunchScreen.storyboard; sourceTree = "<group>"; };
		18FF3D0D23EC3ADF006614EC /* Info.plist */ = {isa = PBXFileReference; lastKnownFileType = text.plist.xml; path = Info.plist; sourceTree = "<group>"; };
/* End PBXFileReference section */

/* Begin PBXFrameworksBuildPhase section */
		18FF3CF923EC3ADD006614EC /* Frameworks */ = {
			isa = PBXFrameworksBuildPhase;
			buildActionMask = 2147483647;
			files = (
			);
			runOnlyForDeploymentPostprocessing = 0;
		};
/* End PBXFrameworksBuildPhase section */

/* Begin PBXGroup section */
		18FF3CF323EC3ADD006614EC = {
			isa = PBXGroup;
			children = (
				18FF3CFE23EC3ADD006614EC /* DealloactionExample */,
				18FF3CFD23EC3ADD006614EC /* Products */,
			);
			sourceTree = "<group>";
		};
		18FF3CFD23EC3ADD006614EC /* Products */ = {
			isa = PBXGroup;
			children = (
				18FF3CFC23EC3ADD006614EC /* DealloactionExample.app */,
			);
			name = Products;
			sourceTree = "<group>";
		};
		18FF3CFE23EC3ADD006614EC /* DealloactionExample */ = {
			isa = PBXGroup;
			children = (
				18FF3CFF23EC3ADD006614EC /* AppDelegate.swift */,
				18FF3D0123EC3ADD006614EC /* SceneDelegate.swift */,
				18FF3D0323EC3ADD006614EC /* ViewController.swift */,
				18FF3D0523EC3ADD006614EC /* Main.storyboard */,
				18FF3D0823EC3ADF006614EC /* Assets.xcassets */,
				18FF3D0A23EC3ADF006614EC /* LaunchScreen.storyboard */,
				18FF3D0D23EC3ADF006614EC /* Info.plist */,
			);
			path = DealloactionExample;
			sourceTree = "<group>";
		};
/* End PBXGroup section */

/* Begin PBXNativeTarget section */
		18FF3CFB23EC3ADD006614EC /* DealloactionExample */ = {
			isa = PBXNativeTarget;
			buildConfigurationList = 18FF3D1023EC3ADF006614EC /* Build configuration list for PBXNativeTarget "DealloactionExample" */;
			buildPhases = (
				18FF3CF823EC3ADD006614EC /* Sources */,
				18FF3CF923EC3ADD006614EC /* Frameworks */,
				18FF3CFA23EC3ADD006614EC /* Resources */,
			);
			buildRules = (
			);
			dependencies = (
			);
			name = DealloactionExample;
			productName = DealloactionExample;
			productReference = 18FF3CFC23EC3ADD006614EC /* DealloactionExample.app */;
			productType = "com.apple.product-type.application";
		};
/* End PBXNativeTarget section */

/* Begin PBXProject section */
		18FF3CF423EC3ADD006614EC /* Project object */ = {
			isa = PBXProject;
			attributes = {
				LastSwiftUpdateCheck = 1110;
				LastUpgradeCheck = 1110;
				ORGANIZATIONNAME = mytechnology;
				TargetAttributes = {
					18FF3CFB23EC3ADD006614EC = {
						CreatedOnToolsVersion = 11.1;
					};
				};
			};
			buildConfigurationList = 18FF3CF723EC3ADD006614EC /* Build configuration list for PBXProject "DealloactionExample" */;
			compatibilityVersion = "Xcode 9.3";
			developmentRegion = en;
			hasScannedForEncodings = 0;
			knownRegions = (
				en,
				Base,
			);
			mainGroup = 18FF3CF323EC3ADD006614EC;
			productRefGroup = 18FF3CFD23EC3ADD006614EC /* Products */;
			projectDirPath = "";
			projectRoot = "";
			targets = (
				18FF3CFB23EC3ADD006614EC /* DealloactionExample */,
			);
		};
/* End PBXProject section */

/* Begin PBXResourcesBuildPhase section */
		18FF3CFA23EC3ADD006614EC /* Resources */ = {
			isa = PBXResourcesBuildPhase;
			buildActionMask = 2147483647;
			files = (
				18FF3D0C23EC3ADF006614EC /* LaunchScreen.storyboard in Resources */,
				18FF3D0923EC3ADF006614EC /* Assets.xcassets in Resources */,
				18FF3D0723EC3ADD006614EC /* Main.storyboard in Resources */,
			);
			runOnlyForDeploymentPostprocessing = 0;
		};
/* End PBXResourcesBuildPhase section */

/* Begin PBXSourcesBuildPhase section */
		18FF3CF823EC3ADD006614EC /* Sources */ = {
			isa = PBXSourcesBuildPhase;
			buildActionMask = 2147483647;
			files = (
				18FF3D0423EC3ADD006614EC /* ViewController.swift in Sources */,
				18FF3D0023EC3ADD006614EC /* AppDelegate.swift in Sources */,
				18FF3D0223EC3ADD006614EC /* SceneDelegate.swift in Sources */,
			);
			runOnlyForDeploymentPostprocessing = 0;
		};
/* End PBXSourcesBuildPhase section */

/* Begin PBXVariantGroup section */
		18FF3D0523EC3ADD006614EC /* Main.storyboard */ = {
			isa = PBXVariantGroup;
			children = (
				18FF3D0623EC3ADD006614EC /* Base */,
			);
			name = Main.storyboard;
			sourceTree = "<group>";
		};
		18FF3D0A23EC3ADF006614EC /* LaunchScreen.storyboard */ = {
			isa = PBXVariantGroup;
			children = (
				18FF3D0B23EC3ADF006614EC /* Base */,
			);
			name = LaunchScreen.storyboard;
			sourceTree = "<group>";
		};
/* End PBXVariantGroup section */

/* Begin XCBuildConfiguration section */
		18FF3D0E23EC3ADF006614EC /* Debug */ = {
			isa = XCBuildConfiguration;
			buildSettings = {
				ALWAYS_SEARCH_USER_PATHS = NO;
				CLANG_ANALYZER_NONNULL = YES;
				CLANG_ANALYZER_NUMBER_OBJECT_CONVERSION = YES_AGGRESSIVE;
				CLANG_CXX_LANGUAGE_STANDARD = "gnu++14";
				CLANG_CXX_LIBRARY = "libc++";
				CLANG_ENABLE_MODULES = YES;
				CLANG_ENABLE_OBJC_ARC = YES;
				CLANG_ENABLE_OBJC_WEAK = YES;
				CLANG_WARN_BLOCK_CAPTURE_AUTORELEASING = YES;
				CLANG_WARN_BOOL_CONVERSION = YES;
				CLANG_WARN_COMMA = YES;
				CLANG_WARN_CONSTANT_CONVERSION = YES;
				CLANG_WARN_DEPRECATED_OBJC_IMPLEMENTATIONS = YES;
				CLANG_WARN_DIRECT_OBJC_ISA_USAGE = YES_ERROR;
				CLANG_WARN_DOCUMENTATION_COMMENTS = YES;
				CLANG_WARN_EMPTY_BODY = YES;
				CLANG_WARN_ENUM_CONVERSION = YES;
				CLANG_WARN_INFINITE_RECURSION = YES;
				CLANG_WARN_INT_CONVERSION = YES;
				CLANG_WARN_NON_LITERAL_NULL_CONVERSION = YES;
				CLANG_WARN_OBJC_IMPLICIT_RETAIN_SELF = YES;
				CLANG_WARN_OBJC_LITERAL_CONVERSION = YES;
				CLANG_WARN_OBJC_ROOT_CLASS = YES_ERROR;
				CLANG_WARN_RANGE_LOOP_ANALYSIS = YES;
				CLANG_WARN_STRICT_PROTOTYPES = YES;
				CLANG_WARN_SUSPICIOUS_MOVE = YES;
				CLANG_WARN_UNGUARDED_AVAILABILITY = YES_AGGRESSIVE;
				CLANG_WARN_UNREACHABLE_CODE = YES;
				CLANG_WARN__DUPLICATE_METHOD_MATCH = YES;
				COPY_PHASE_STRIP = NO;
				DEBUG_INFORMATION_FORMAT = dwarf;
				ENABLE_STRICT_OBJC_MSGSEND = YES;
				ENABLE_TESTABILITY = YES;
				GCC_C_LANGUAGE_STANDARD = gnu11;
				GCC_DYNAMIC_NO_PIC = NO;
				GCC_NO_COMMON_BLOCKS = YES;
				GCC_OPTIMIZATION_LEVEL = 0;
				GCC_PREPROCESSOR_DEFINITIONS = (
					"DEBUG=1",
					"$(inherited)",
				);
				GCC_WARN_64_TO_32_BIT_CONVERSION = YES;
				GCC_WARN_ABOUT_RETURN_TYPE = YES_ERROR;
				GCC_WARN_UNDECLARED_SELECTOR = YES;
				GCC_WARN_UNINITIALIZED_AUTOS = YES_AGGRESSIVE;
				GCC_WARN_UNUSED_FUNCTION = YES;
				GCC_WARN_UNUSED_VARIABLE = YES;
				IPHONEOS_DEPLOYMENT_TARGET = 13.1;
				MTL_ENABLE_DEBUG_INFO = INCLUDE_SOURCE;
				MTL_FAST_MATH = YES;
				ONLY_ACTIVE_ARCH = YES;
				SDKROOT = iphoneos;
				SWIFT_ACTIVE_COMPILATION_CONDITIONS = DEBUG;
				SWIFT_OPTIMIZATION_LEVEL = "-Onone";
			};
			name = Debug;
		};
		18FF3D0F23EC3ADF006614EC /* Release */ = {
			isa = XCBuildConfiguration;
			buildSettings = {
				ALWAYS_SEARCH_USER_PATHS = NO;
				CLANG_ANALYZER_NONNULL = YES;
				CLANG_ANALYZER_NUMBER_OBJECT_CONVERSION = YES_AGGRESSIVE;
				CLANG_CXX_LANGUAGE_STANDARD = "gnu++14";
				CLANG_CXX_LIBRARY = "libc++";
				CLANG_ENABLE_MODULES = YES;
				CLANG_ENABLE_OBJC_ARC = YES;
				CLANG_ENABLE_OBJC_WEAK = YES;
				CLANG_WARN_BLOCK_CAPTURE_AUTORELEASING = YES;
				CLANG_WARN_BOOL_CONVERSION = YES;
				CLANG_WARN_COMMA = YES;
				CLANG_WARN_CONSTANT_CONVERSION = YES;
				CLANG_WARN_DEPRECATED_OBJC_IMPLEMENTATIONS = YES;
				CLANG_WARN_DIRECT_OBJC_ISA_USAGE = YES_ERROR;
				CLANG_WARN_DOCUMENTATION_COMMENTS = YES;
				CLANG_WARN_EMPTY_BODY = YES;
				CLANG_WARN_ENUM_CONVERSION = YES;
				CLANG_WARN_INFINITE_RECURSION = YES;
				CLANG_WARN_INT_CONVERSION = YES;
				CLANG_WARN_NON_LITERAL_NULL_CONVERSION = YES;
				CLANG_WARN_OBJC_IMPLICIT_RETAIN_SELF = YES;
				CLANG_WARN_OBJC_LITERAL_CONVERSION = YES;
				CLANG_WARN_OBJC_ROOT_CLASS = YES_ERROR;
				CLANG_WARN_RANGE_LOOP_ANALYSIS = YES;
				CLANG_WARN_STRICT_PROTOTYPES = YES;
				CLANG_WARN_SUSPICIOUS_MOVE = YES;
				CLANG_WARN_UNGUARDED_AVAILABILITY = YES_AGGRESSIVE;
				CLANG_WARN_UNREACHABLE_CODE = YES;
				CLANG_WARN__DUPLICATE_METHOD_MATCH = YES;
				COPY_PHASE_STRIP = NO;
				DEBUG_INFORMATION_FORMAT = "dwarf-with-dsym";
				ENABLE_NS_ASSERTIONS = NO;
				ENABLE_STRICT_OBJC_MSGSEND = YES;
				GCC_C_LANGUAGE_STANDARD = gnu11;
				GCC_NO_COMMON_BLOCKS = YES;
				GCC_WARN_64_TO_32_BIT_CONVERSION = YES;
				GCC_WARN_ABOUT_RETURN_TYPE = YES_ERROR;
				GCC_WARN_UNDECLARED_SELECTOR = YES;
				GCC_WARN_UNINITIALIZED_AUTOS = YES_AGGRESSIVE;
				GCC_WARN_UNUSED_FUNCTION = YES;
				GCC_WARN_UNUSED_VARIABLE = YES;
				IPHONEOS_DEPLOYMENT_TARGET = 13.1;
				MTL_ENABLE_DEBUG_INFO = NO;
				MTL_FAST_MATH = YES;
				SDKROOT = iphoneos;
				SWIFT_COMPILATION_MODE = wholemodule;
				SWIFT_OPTIMIZATION_LEVEL = "-O";
				VALIDATE_PRODUCT = YES;
			};
			name = Release;
		};
		18FF3D1123EC3ADF006614EC /* Debug */ = {
			isa = XCBuildConfiguration;
			buildSettings = {
				ASSETCATALOG_COMPILER_APPICON_NAME = AppIcon;
				CODE_SIGN_STYLE = Automatic;
				INFOPLIST_FILE = DealloactionExample/Info.plist;
				LD_RUNPATH_SEARCH_PATHS = (
					"$(inherited)",
					"@executable_path/Frameworks",
				);
				PRODUCT_BUNDLE_IDENTIFIER = com.mytechnology.DealloactionExample;
				PRODUCT_NAME = "$(TARGET_NAME)";
				SWIFT_VERSION = 5.0;
				TARGETED_DEVICE_FAMILY = "1,2";
			};
			name = Debug;
		};
		18FF3D1223EC3ADF006614EC /* Release */ = {
			isa = XCBuildConfiguration;
			buildSettings = {
				ASSETCATALOG_COMPILER_APPICON_NAME = AppIcon;
				CODE_SIGN_STYLE = Automatic;
				INFOPLIST_FILE = DealloactionExample/Info.plist;
				LD_RUNPATH_SEARCH_PATHS = (
					"$(inherited)",
					"@executable_path/Frameworks",
				);
				PRODUCT_BUNDLE_IDENTIFIER = com.mytechnology.DealloactionExample;
				PRODUCT_NAME = "$(TARGET_NAME)";
				SWIFT_VERSION = 5.0;
				TARGETED_DEVICE_FAMILY = "1,2";
			};
			name = Release;
		};
/* End XCBuildConfiguration section */

/* Begin XCConfigurationList section */
		18FF3CF723EC3ADD006614EC /* Build configuration list for PBXProject "DealloactionExample" */ = {
			isa = XCConfigurationList;
			buildConfigurations = (
				18FF3D0E23EC3ADF006614EC /* Debug */,
				18FF3D0F23EC3ADF006614EC /* Release */,
			);
			defaultConfigurationIsVisible = 0;
			defaultConfigurationName = Release;
		};
		18FF3D1023EC3ADF006614EC /* Build configuration list for PBXNativeTarget "DealloactionExample" */ = {
			isa = XCConfigurationList;
			buildConfigurations = (
				18FF3D1123EC3ADF006614EC /* Debug */,
				18FF3D1223EC3ADF006614EC /* Release */,
			);
			defaultConfigurationIsVisible = 0;
			defaultConfigurationName = Release;
		};
/* End XCConfigurationList section */
	};
	rootObject = 18FF3CF423EC3ADD006614EC /* Project object */;
}
